// !$*UTF8*$!
{
	archiveVersion = 1;
	classes = {
	};
	objectVersion = 46;
	objects = {

/* Begin PBXBuildFile section */
		5F29B26E18AE391C0002A7C1 /* Cocoa.framework in Frameworks */ = {isa = PBXBuildFile; fileRef = 5F29B26D18AE391C0002A7C1 /* Cocoa.framework */; };
		5F29B27818AE391C0002A7C1 /* InfoPlist.strings in Resources */ = {isa = PBXBuildFile; fileRef = 5F29B27618AE391C0002A7C1 /* InfoPlist.strings */; };
		5F29B27A18AE391C0002A7C1 /* main.m in Sources */ = {isa = PBXBuildFile; fileRef = 5F29B27918AE391C0002A7C1 /* main.m */; };
		5F29B27E18AE391C0002A7C1 /* Credits.rtf in Resources */ = {isa = PBXBuildFile; fileRef = 5F29B27C18AE391C0002A7C1 /* Credits.rtf */; };
		5F29B28118AE391C0002A7C1 /* AppDelegate.m in Sources */ = {isa = PBXBuildFile; fileRef = 5F29B28018AE391C0002A7C1 /* AppDelegate.m */; };
		5F29B28418AE391D0002A7C1 /* MainMenu.xib in Resources */ = {isa = PBXBuildFile; fileRef = 5F29B28218AE391D0002A7C1 /* MainMenu.xib */; };
		5F29B28618AE391D0002A7C1 /* Images.xcassets in Resources */ = {isa = PBXBuildFile; fileRef = 5F29B28518AE391D0002A7C1 /* Images.xcassets */; };
		5F29B28D18AE391D0002A7C1 /* XCTest.framework in Frameworks */ = {isa = PBXBuildFile; fileRef = 5F29B28C18AE391D0002A7C1 /* XCTest.framework */; };
		5F29B28E18AE391D0002A7C1 /* Cocoa.framework in Frameworks */ = {isa = PBXBuildFile; fileRef = 5F29B26D18AE391C0002A7C1 /* Cocoa.framework */; };
		5F29B29618AE391D0002A7C1 /* InfoPlist.strings in Resources */ = {isa = PBXBuildFile; fileRef = 5F29B29418AE391D0002A7C1 /* InfoPlist.strings */; };
		5F29B29818AE391D0002A7C1 /* PrototypeGameTests.m in Sources */ = {isa = PBXBuildFile; fileRef = 5F29B29718AE391D0002A7C1 /* PrototypeGameTests.m */; };
/* End PBXBuildFile section */

/* Begin PBXContainerItemProxy section */
		5F29B28F18AE391D0002A7C1 /* PBXContainerItemProxy */ = {
			isa = PBXContainerItemProxy;
			containerPortal = 5F29B26218AE391C0002A7C1 /* Project object */;
			proxyType = 1;
			remoteGlobalIDString = 5F29B26918AE391C0002A7C1;
			remoteInfo = PrototypeGame;
		};
/* End PBXContainerItemProxy section */

/* Begin PBXFileReference section */
		5F29B26A18AE391C0002A7C1 /* PrototypeGame.app */ = {isa = PBXFileReference; explicitFileType = wrapper.application; includeInIndex = 0; path = PrototypeGame.app; sourceTree = BUILT_PRODUCTS_DIR; };
		5F29B26D18AE391C0002A7C1 /* Cocoa.framework */ = {isa = PBXFileReference; lastKnownFileType = wrapper.framework; name = Cocoa.framework; path = System/Library/Frameworks/Cocoa.framework; sourceTree = SDKROOT; };
		5F29B27018AE391C0002A7C1 /* AppKit.framework */ = {isa = PBXFileReference; lastKnownFileType = wrapper.framework; name = AppKit.framework; path = System/Library/Frameworks/AppKit.framework; sourceTree = SDKROOT; };
		5F29B27118AE391C0002A7C1 /* CoreData.framework */ = {isa = PBXFileReference; lastKnownFileType = wrapper.framework; name = CoreData.framework; path = System/Library/Frameworks/CoreData.framework; sourceTree = SDKROOT; };
		5F29B27218AE391C0002A7C1 /* Foundation.framework */ = {isa = PBXFileReference; lastKnownFileType = wrapper.framework; name = Foundation.framework; path = System/Library/Frameworks/Foundation.framework; sourceTree = SDKROOT; };
		5F29B27518AE391C0002A7C1 /* PrototypeGame-Info.plist */ = {isa = PBXFileReference; lastKnownFileType = text.plist.xml; path = "PrototypeGame-Info.plist"; sourceTree = "<group>"; };
		5F29B27718AE391C0002A7C1 /* en */ = {isa = PBXFileReference; lastKnownFileType = text.plist.strings; name = en; path = en.lproj/InfoPlist.strings; sourceTree = "<group>"; };
		5F29B27918AE391C0002A7C1 /* main.m */ = {isa = PBXFileReference; lastKnownFileType = sourcecode.c.objc; path = main.m; sourceTree = "<group>"; };
		5F29B27B18AE391C0002A7C1 /* PrototypeGame-Prefix.pch */ = {isa = PBXFileReference; lastKnownFileType = sourcecode.c.h; path = "PrototypeGame-Prefix.pch"; sourceTree = "<group>"; };
		5F29B27D18AE391C0002A7C1 /* en */ = {isa = PBXFileReference; lastKnownFileType = text.rtf; name = en; path = en.lproj/Credits.rtf; sourceTree = "<group>"; };
		5F29B27F18AE391C0002A7C1 /* AppDelegate.h */ = {isa = PBXFileReference; lastKnownFileType = sourcecode.c.h; path = AppDelegate.h; sourceTree = "<group>"; };
		5F29B28018AE391C0002A7C1 /* AppDelegate.m */ = {isa = PBXFileReference; lastKnownFileType = sourcecode.c.objc; path = AppDelegate.m; sourceTree = "<group>"; };
		5F29B28318AE391D0002A7C1 /* Base */ = {isa = PBXFileReference; lastKnownFileType = file.xib; name = Base; path = Base.lproj/MainMenu.xib; sourceTree = "<group>"; };
		5F29B28518AE391D0002A7C1 /* Images.xcassets */ = {isa = PBXFileReference; lastKnownFileType = folder.assetcatalog; path = Images.xcassets; sourceTree = "<group>"; };
		5F29B28B18AE391D0002A7C1 /* PrototypeGameTests.xctest */ = {isa = PBXFileReference; explicitFileType = wrapper.cfbundle; includeInIndex = 0; path = PrototypeGameTests.xctest; sourceTree = BUILT_PRODUCTS_DIR; };
		5F29B28C18AE391D0002A7C1 /* XCTest.framework */ = {isa = PBXFileReference; lastKnownFileType = wrapper.framework; name = XCTest.framework; path = Library/Frameworks/XCTest.framework; sourceTree = DEVELOPER_DIR; };
		5F29B29318AE391D0002A7C1 /* PrototypeGameTests-Info.plist */ = {isa = PBXFileReference; lastKnownFileType = text.plist.xml; path = "PrototypeGameTests-Info.plist"; sourceTree = "<group>"; };
		5F29B29518AE391D0002A7C1 /* en */ = {isa = PBXFileReference; lastKnownFileType = text.plist.strings; name = en; path = en.lproj/InfoPlist.strings; sourceTree = "<group>"; };
		5F29B29718AE391D0002A7C1 /* PrototypeGameTests.m */ = {isa = PBXFileReference; lastKnownFileType = sourcecode.c.objc; path = PrototypeGameTests.m; sourceTree = "<group>"; };
/* End PBXFileReference section */

/* Begin PBXFrameworksBuildPhase section */
		5F29B26718AE391C0002A7C1 /* Frameworks */ = {
			isa = PBXFrameworksBuildPhase;
			buildActionMask = 2147483647;
			files = (
				5F29B26E18AE391C0002A7C1 /* Cocoa.framework in Frameworks */,
			);
			runOnlyForDeploymentPostprocessing = 0;
		};
		5F29B28818AE391D0002A7C1 /* Frameworks */ = {
			isa = PBXFrameworksBuildPhase;
			buildActionMask = 2147483647;
			files = (
				5F29B28E18AE391D0002A7C1 /* Cocoa.framework in Frameworks */,
				5F29B28D18AE391D0002A7C1 /* XCTest.framework in Frameworks */,
			);
			runOnlyForDeploymentPostprocessing = 0;
		};
/* End PBXFrameworksBuildPhase section */

/* Begin PBXGroup section */
		5F29B26118AE391C0002A7C1 = {
			isa = PBXGroup;
			children = (
				5F29B27318AE391C0002A7C1 /* PrototypeGame */,
				5F29B29118AE391D0002A7C1 /* PrototypeGameTests */,
				5F29B26C18AE391C0002A7C1 /* Frameworks */,
				5F29B26B18AE391C0002A7C1 /* Products */,
			);
			sourceTree = "<group>";
		};
		5F29B26B18AE391C0002A7C1 /* Products */ = {
			isa = PBXGroup;
			children = (
				5F29B26A18AE391C0002A7C1 /* PrototypeGame.app */,
				5F29B28B18AE391D0002A7C1 /* PrototypeGameTests.xctest */,
			);
			name = Products;
			sourceTree = "<group>";
		};
		5F29B26C18AE391C0002A7C1 /* Frameworks */ = {
			isa = PBXGroup;
			children = (
				5F29B26D18AE391C0002A7C1 /* Cocoa.framework */,
				5F29B28C18AE391D0002A7C1 /* XCTest.framework */,
				5F29B26F18AE391C0002A7C1 /* Other Frameworks */,
			);
			name = Frameworks;
			sourceTree = "<group>";
		};
		5F29B26F18AE391C0002A7C1 /* Other Frameworks */ = {
			isa = PBXGroup;
			children = (
				5F29B27018AE391C0002A7C1 /* AppKit.framework */,
				5F29B27118AE391C0002A7C1 /* CoreData.framework */,
				5F29B27218AE391C0002A7C1 /* Foundation.framework */,
			);
			name = "Other Frameworks";
			sourceTree = "<group>";
		};
		5F29B27318AE391C0002A7C1 /* PrototypeGame */ = {
			isa = PBXGroup;
			children = (
				5F29B27F18AE391C0002A7C1 /* AppDelegate.h */,
				5F29B28018AE391C0002A7C1 /* AppDelegate.m */,
				5F29B28218AE391D0002A7C1 /* MainMenu.xib */,
				5F29B28518AE391D0002A7C1 /* Images.xcassets */,
				5F29B27418AE391C0002A7C1 /* Supporting Files */,
			);
			path = PrototypeGame;
			sourceTree = "<group>";
		};
		5F29B27418AE391C0002A7C1 /* Supporting Files */ = {
			isa = PBXGroup;
			children = (
				5F29B27518AE391C0002A7C1 /* PrototypeGame-Info.plist */,
				5F29B27618AE391C0002A7C1 /* InfoPlist.strings */,
				5F29B27918AE391C0002A7C1 /* main.m */,
				5F29B27B18AE391C0002A7C1 /* PrototypeGame-Prefix.pch */,
				5F29B27C18AE391C0002A7C1 /* Credits.rtf */,
			);
			name = "Supporting Files";
			sourceTree = "<group>";
		};
		5F29B29118AE391D0002A7C1 /* PrototypeGameTests */ = {
			isa = PBXGroup;
			children = (
				5F29B29718AE391D0002A7C1 /* PrototypeGameTests.m */,
				5F29B29218AE391D0002A7C1 /* Supporting Files */,
			);
			path = PrototypeGameTests;
			sourceTree = "<group>";
		};
		5F29B29218AE391D0002A7C1 /* Supporting Files */ = {
			isa = PBXGroup;
			children = (
				5F29B29318AE391D0002A7C1 /* PrototypeGameTests-Info.plist */,
				5F29B29418AE391D0002A7C1 /* InfoPlist.strings */,
			);
			name = "Supporting Files";
			sourceTree = "<group>";
		};
/* End PBXGroup section */

/* Begin PBXNativeTarget section */
		5F29B26918AE391C0002A7C1 /* PrototypeGame */ = {
			isa = PBXNativeTarget;
			buildConfigurationList = 5F29B29B18AE391D0002A7C1 /* Build configuration list for PBXNativeTarget "PrototypeGame" */;
			buildPhases = (
				5F29B26618AE391C0002A7C1 /* Sources */,
				5F29B26718AE391C0002A7C1 /* Frameworks */,
				5F29B26818AE391C0002A7C1 /* Resources */,
			);
			buildRules = (
			);
			dependencies = (
			);
			name = PrototypeGame;
			productName = PrototypeGame;
			productReference = 5F29B26A18AE391C0002A7C1 /* PrototypeGame.app */;
			productType = "com.apple.product-type.application";
		};
		5F29B28A18AE391D0002A7C1 /* PrototypeGameTests */ = {
			isa = PBXNativeTarget;
			buildConfigurationList = 5F29B29E18AE391D0002A7C1 /* Build configuration list for PBXNativeTarget "PrototypeGameTests" */;
			buildPhases = (
				5F29B28718AE391D0002A7C1 /* Sources */,
				5F29B28818AE391D0002A7C1 /* Frameworks */,
				5F29B28918AE391D0002A7C1 /* Resources */,
			);
			buildRules = (
			);
			dependencies = (
				5F29B29018AE391D0002A7C1 /* PBXTargetDependency */,
			);
			name = PrototypeGameTests;
			productName = PrototypeGameTests;
			productReference = 5F29B28B18AE391D0002A7C1 /* PrototypeGameTests.xctest */;
			productType = "com.apple.product-type.bundle.unit-test";
		};
/* End PBXNativeTarget section */

/* Begin PBXProject section */
		5F29B26218AE391C0002A7C1 /* Project object */ = {
			isa = PBXProject;
			attributes = {
				LastUpgradeCheck = 0500;
				ORGANIZATIONNAME = "Patrik Gyllvin";
				TargetAttributes = {
					5F29B28A18AE391D0002A7C1 = {
						TestTargetID = 5F29B26918AE391C0002A7C1;
					};
				};
			};
			buildConfigurationList = 5F29B26518AE391C0002A7C1 /* Build configuration list for PBXProject "PrototypeGame" */;
			compatibilityVersion = "Xcode 3.2";
			developmentRegion = English;
			hasScannedForEncodings = 0;
			knownRegions = (
				en,
				Base,
			);
			mainGroup = 5F29B26118AE391C0002A7C1;
			productRefGroup = 5F29B26B18AE391C0002A7C1 /* Products */;
			projectDirPath = "";
			projectRoot = "";
			targets = (
				5F29B26918AE391C0002A7C1 /* PrototypeGame */,
				5F29B28A18AE391D0002A7C1 /* PrototypeGameTests */,
			);
		};
/* End PBXProject section */

/* Begin PBXResourcesBuildPhase section */
		5F29B26818AE391C0002A7C1 /* Resources */ = {
			isa = PBXResourcesBuildPhase;
			buildActionMask = 2147483647;
			files = (
				5F29B27818AE391C0002A7C1 /* InfoPlist.strings in Resources */,
				5F29B28618AE391D0002A7C1 /* Images.xcassets in Resources */,
				5F29B27E18AE391C0002A7C1 /* Credits.rtf in Resources */,
				5F29B28418AE391D0002A7C1 /* MainMenu.xib in Resources */,
			);
			runOnlyForDeploymentPostprocessing = 0;
		};
		5F29B28918AE391D0002A7C1 /* Resources */ = {
			isa = PBXResourcesBuildPhase;
			buildActionMask = 2147483647;
			files = (
				5F29B29618AE391D0002A7C1 /* InfoPlist.strings in Resources */,
			);
			runOnlyForDeploymentPostprocessing = 0;
		};
/* End PBXResourcesBuildPhase section */

/* Begin PBXSourcesBuildPhase section */
		5F29B26618AE391C0002A7C1 /* Sources */ = {
			isa = PBXSourcesBuildPhase;
			buildActionMask = 2147483647;
			files = (
				5F29B28118AE391C0002A7C1 /* AppDelegate.m in Sources */,
				5F29B27A18AE391C0002A7C1 /* main.m in Sources */,
			);
			runOnlyForDeploymentPostprocessing = 0;
		};
		5F29B28718AE391D0002A7C1 /* Sources */ = {
			isa = PBXSourcesBuildPhase;
			buildActionMask = 2147483647;
			files = (
				5F29B29818AE391D0002A7C1 /* PrototypeGameTests.m in Sources */,
			);
			runOnlyForDeploymentPostprocessing = 0;
		};
/* End PBXSourcesBuildPhase section */

/* Begin PBXTargetDependency section */
		5F29B29018AE391D0002A7C1 /* PBXTargetDependency */ = {
			isa = PBXTargetDependency;
			target = 5F29B26918AE391C0002A7C1 /* PrototypeGame */;
			targetProxy = 5F29B28F18AE391D0002A7C1 /* PBXContainerItemProxy */;
		};
/* End PBXTargetDependency section */

/* Begin PBXVariantGroup section */
		5F29B27618AE391C0002A7C1 /* InfoPlist.strings */ = {
			isa = PBXVariantGroup;
			children = (
				5F29B27718AE391C0002A7C1 /* en */,
			);
			name = InfoPlist.strings;
			sourceTree = "<group>";
		};
		5F29B27C18AE391C0002A7C1 /* Credits.rtf */ = {
			isa = PBXVariantGroup;
			children = (
				5F29B27D18AE391C0002A7C1 /* en */,
			);
			name = Credits.rtf;
			sourceTree = "<group>";
		};
		5F29B28218AE391D0002A7C1 /* MainMenu.xib */ = {
			isa = PBXVariantGroup;
			children = (
				5F29B28318AE391D0002A7C1 /* Base */,
			);
			name = MainMenu.xib;
			sourceTree = "<group>";
		};
		5F29B29418AE391D0002A7C1 /* InfoPlist.strings */ = {
			isa = PBXVariantGroup;
			children = (
				5F29B29518AE391D0002A7C1 /* en */,
			);
			name = InfoPlist.strings;
			sourceTree = "<group>";
		};
/* End PBXVariantGroup section */

/* Begin XCBuildConfiguration section */
		5F29B29918AE391D0002A7C1 /* Debug */ = {
			isa = XCBuildConfiguration;
			buildSettings = {
				ALWAYS_SEARCH_USER_PATHS = NO;
				CLANG_CXX_LANGUAGE_STANDARD = "gnu++0x";
				CLANG_CXX_LIBRARY = "libc++";
				CLANG_ENABLE_OBJC_ARC = YES;
				CLANG_WARN_BOOL_CONVERSION = YES;
				CLANG_WARN_CONSTANT_CONVERSION = YES;
				CLANG_WARN_DIRECT_OBJC_ISA_USAGE = YES_ERROR;
				CLANG_WARN_EMPTY_BODY = YES;
				CLANG_WARN_ENUM_CONVERSION = YES;
				CLANG_WARN_INT_CONVERSION = YES;
				CLANG_WARN_OBJC_ROOT_CLASS = YES_ERROR;
				CLANG_WARN__DUPLICATE_METHOD_MATCH = YES;
				COPY_PHASE_STRIP = NO;
				GCC_C_LANGUAGE_STANDARD = gnu99;
				GCC_DYNAMIC_NO_PIC = NO;
				GCC_ENABLE_OBJC_EXCEPTIONS = YES;
				GCC_OPTIMIZATION_LEVEL = 0;
				GCC_PREPROCESSOR_DEFINITIONS = (
					"DEBUG=1",
					"$(inherited)",
				);
				GCC_SYMBOLS_PRIVATE_EXTERN = NO;
				GCC_WARN_64_TO_32_BIT_CONVERSION = YES;
				GCC_WARN_ABOUT_RETURN_TYPE = YES_ERROR;
				GCC_WARN_UNDECLARED_SELECTOR = YES;
				GCC_WARN_UNINITIALIZED_AUTOS = YES;
				GCC_WARN_UNUSED_FUNCTION = YES;
				GCC_WARN_UNUSED_VARIABLE = YES;
				MACOSX_DEPLOYMENT_TARGET = 10.9;
				ONLY_ACTIVE_ARCH = YES;
				SDKROOT = macosx;
			};
			name = Debug;
		};
		5F29B29A18AE391D0002A7C1 /* Release */ = {
			isa = XCBuildConfiguration;
			buildSettings = {
				ALWAYS_SEARCH_USER_PATHS = NO;
				CLANG_CXX_LANGUAGE_STANDARD = "gnu++0x";
				CLANG_CXX_LIBRARY = "libc++";
				CLANG_ENABLE_OBJC_ARC = YES;
				CLANG_WARN_BOOL_CONVERSION = YES;
				CLANG_WARN_CONSTANT_CONVERSION = YES;
				CLANG_WARN_DIRECT_OBJC_ISA_USAGE = YES_ERROR;
				CLANG_WARN_EMPTY_BODY = YES;
				CLANG_WARN_ENUM_CONVERSION = YES;
				CLANG_WARN_INT_CONVERSION = YES;
				CLANG_WARN_OBJC_ROOT_CLASS = YES_ERROR;
				CLANG_WARN__DUPLICATE_METHOD_MATCH = YES;
				COPY_PHASE_STRIP = YES;
				DEBUG_INFORMATION_FORMAT = "dwarf-with-dsym";
				ENABLE_NS_ASSERTIONS = NO;
				GCC_C_LANGUAGE_STANDARD = gnu99;
				GCC_ENABLE_OBJC_EXCEPTIONS = YES;
				GCC_WARN_64_TO_32_BIT_CONVERSION = YES;
				GCC_WARN_ABOUT_RETURN_TYPE = YES_ERROR;
				GCC_WARN_UNDECLARED_SELECTOR = YES;
				GCC_WARN_UNINITIALIZED_AUTOS = YES;
				GCC_WARN_UNUSED_FUNCTION = YES;
				GCC_WARN_UNUSED_VARIABLE = YES;
				MACOSX_DEPLOYMENT_TARGET = 10.9;
				SDKROOT = macosx;
			};
			name = Release;
		};
		5F29B29C18AE391D0002A7C1 /* Debug */ = {
			isa = XCBuildConfiguration;
			buildSettings = {
				ASSETCATALOG_COMPILER_APPICON_NAME = AppIcon;
				COMBINE_HIDPI_IMAGES = YES;
				GCC_PRECOMPILE_PREFIX_HEADER = YES;
				GCC_PREFIX_HEADER = "PrototypeGame/PrototypeGame-Prefix.pch";
				INFOPLIST_FILE = "PrototypeGame/PrototypeGame-Info.plist";
				PRODUCT_NAME = "$(TARGET_NAME)";
				WRAPPER_EXTENSION = app;
			};
			name = Debug;
		};
		5F29B29D18AE391D0002A7C1 /* Release */ = {
			isa = XCBuildConfiguration;
			buildSettings = {
				ASSETCATALOG_COMPILER_APPICON_NAME = AppIcon;
				COMBINE_HIDPI_IMAGES = YES;
				GCC_PRECOMPILE_PREFIX_HEADER = YES;
				GCC_PREFIX_HEADER = "PrototypeGame/PrototypeGame-Prefix.pch";
				INFOPLIST_FILE = "PrototypeGame/PrototypeGame-Info.plist";
				PRODUCT_NAME = "$(TARGET_NAME)";
				WRAPPER_EXTENSION = app;
			};
			name = Release;
		};
		5F29B29F18AE391D0002A7C1 /* Debug */ = {
			isa = XCBuildConfiguration;
			buildSettings = {
				BUNDLE_LOADER = "$(BUILT_PRODUCTS_DIR)/PrototypeGame.app/Contents/MacOS/PrototypeGame";
				COMBINE_HIDPI_IMAGES = YES;
				FRAMEWORK_SEARCH_PATHS = (
					"$(DEVELOPER_FRAMEWORKS_DIR)",
					"$(inherited)",
				);
				GCC_PRECOMPILE_PREFIX_HEADER = YES;
				GCC_PREFIX_HEADER = "PrototypeGame/PrototypeGame-Prefix.pch";
				GCC_PREPROCESSOR_DEFINITIONS = (
					"DEBUG=1",
					"$(inherited)",
				);
				INFOPLIST_FILE = "PrototypeGameTests/PrototypeGameTests-Info.plist";
				PRODUCT_NAME = "$(TARGET_NAME)";
				TEST_HOST = "$(BUNDLE_LOADER)";
				WRAPPER_EXTENSION = xctest;
			};
			name = Debug;
		};
		5F29B2A018AE391D0002A7C1 /* Release */ = {
			isa = XCBuildConfiguration;
			buildSettings = {
				BUNDLE_LOADER = "$(BUILT_PRODUCTS_DIR)/PrototypeGame.app/Contents/MacOS/PrototypeGame";
				COMBINE_HIDPI_IMAGES = YES;
				FRAMEWORK_SEARCH_PATHS = (
					"$(DEVELOPER_FRAMEWORKS_DIR)",
					"$(inherited)",
				);
				GCC_PRECOMPILE_PREFIX_HEADER = YES;
				GCC_PREFIX_HEADER = "PrototypeGame/PrototypeGame-Prefix.pch";
				INFOPLIST_FILE = "PrototypeGameTests/PrototypeGameTests-Info.plist";
				PRODUCT_NAME = "$(TARGET_NAME)";
				TEST_HOST = "$(BUNDLE_LOADER)";
				WRAPPER_EXTENSION = xctest;
			};
			name = Release;
		};
/* End XCBuildConfiguration section */

/* Begin XCConfigurationList section */
		5F29B26518AE391C0002A7C1 /* Build configuration list for PBXProject "PrototypeGame" */ = {
			isa = XCConfigurationList;
			buildConfigurations = (
				5F29B29918AE391D0002A7C1 /* Debug */,
				5F29B29A18AE391D0002A7C1 /* Release */,
			);
			defaultConfigurationIsVisible = 0;
			defaultConfigurationName = Release;
		};
		5F29B29B18AE391D0002A7C1 /* Build configuration list for PBXNativeTarget "PrototypeGame" */ = {
			isa = XCConfigurationList;
			buildConfigurations = (
				5F29B29C18AE391D0002A7C1 /* Debug */,
				5F29B29D18AE391D0002A7C1 /* Release */,
			);
			defaultConfigurationIsVisible = 0;
		};
		5F29B29E18AE391D0002A7C1 /* Build configuration list for PBXNativeTarget "PrototypeGameTests" */ = {
			isa = XCConfigurationList;
			buildConfigurations = (
				5F29B29F18AE391D0002A7C1 /* Debug */,
				5F29B2A018AE391D0002A7C1 /* Release */,
			);
			defaultConfigurationIsVisible = 0;
		};
/* End XCConfigurationList section */
	};
	rootObject = 5F29B26218AE391C0002A7C1 /* Project object */;
}
